Microsoft Visual Studio Solution File, Format Version 10.00
# Visual Studio 2008
Project("{8BC9CEB8-8B4A-11D0-8D11-00A0C91BC942}") = "OpenFrames", "VisualStudio2008.vcproj", "{0AFA2E43-BFDC-4465-BBB1-411620778B85}"
EndProject
Project("{6989167D-11E4-40FE-8C1A-2192A86A7E90}") = "FORTRAN11", "FORTRAN11.vfproj", "{BE49C38E-74B1-4457-B7E5-13FE1EC50497}"
EndProject
Global
	GlobalSection(SolutionConfigurationPlatforms) = preSolution
		Debug|Win32 = Debug|Win32
		Release|Win32 = Release|Win32
	EndGlobalSection
	GlobalSection(ProjectConfigurationPlatforms) = postSolution
		{0AFA2E43-BFDC-4465-BBB1-411620778B85}.Debug|Win32.ActiveCfg = Debug|Win32
		{0AFA2E43-BFDC-4465-BBB1-411620778B85}.Debug|Win32.Build.0 = Debug|Win32
		{0AFA2E43-BFDC-4465-BBB1-411620778B85}.Release|Win32.ActiveCfg = Release|Win32
		{0AFA2E43-BFDC-4465-BBB1-411620778B85}.Release|Win32.Build.0 = Release|Win32
		{BE49C38E-74B1-4457-B7E5-13FE1EC50497}.Debug|Win32.ActiveCfg = Release|Win32
		{BE49C38E-74B1-4457-B7E5-13FE1EC50497}.Debug|Win32.Build.0 = Release|Win32
		{BE49C38E-74B1-4457-B7E5-13FE1EC50497}.Release|Win32.ActiveCfg = Release|Win32
		{BE49C38E-74B1-4457-B7E5-13FE1EC50497}.Release|Win32.Build.0 = Release|Win32
	EndGlobalSection
	GlobalSection(SolutionProperties) = preSolution
		HideSolutionNode = FALSE
	EndGlobalSection
EndGlobal
