
Microsoft Visual Studio Solution File, Format Version 10.00
# Visual Studio 2008
Project("{6989167D-11E4-40FE-8C1A-2192A86A7E90}") = "test", "test.vfproj", "{65A928CA-CEB1-4631-A56F-CA673DC8B62D}"
EndProject
Global
	GlobalSection(SolutionConfigurationPlatforms) = preSolution
		Debug|Win32 = Debug|Win32
		Release|Win32 = Release|Win32
	EndGlobalSection
	GlobalSection(ProjectConfigurationPlatforms) = postSolution
		{65A928CA-CEB1-4631-A56F-CA673DC8B62D}.Debug|Win32.ActiveCfg = Debug|Win32
		{65A928CA-CEB1-4631-A56F-CA673DC8B62D}.Debug|Win32.Build.0 = Debug|Win32
		{65A928CA-CEB1-4631-A56F-CA673DC8B62D}.Release|Win32.ActiveCfg = Release|Win32
		{65A928CA-CEB1-4631-A56F-CA673DC8B62D}.Release|Win32.Build.0 = Release|Win32
	EndGlobalSection
	GlobalSection(SolutionProperties) = preSolution
		HideSolutionNode = FALSE
	EndGlobalSection
EndGlobal
